# @generated by Move, please check-in and do not edit manually.

[move]
version = 3
manifest_digest = "09C526A2D80A12107E6AEF419F29A80158D02CF78EE284689B59A0C1DE075CF6"
deps_digest = "3C4103934B1E040BB6B23F1D610B4EF9F2F1166A50A104EADCF77467C004C600"
dependencies = [
  { id = "Dubhe", name = "Dubhe" },
  { id = "Sui", name = "Sui" },
]

[[move.package]]
id = "Dubhe"
source = { local = "../dubhe-framework" }

dependencies = [
  { id = "Sui", name = "Sui" },
]

[[move.package]]
id = "MoveStdlib"
source = { git = "https://github.com/MystenLabs/sui.git", rev = "mainnet-v1.38.3", subdir = "crates/sui-framework/packages/move-stdlib" }

[[move.package]]
id = "Sui"
source = { git = "https://github.com/MystenLabs/sui.git", rev = "mainnet-v1.38.3", subdir = "crates/sui-framework/packages/sui-framework" }

dependencies = [
  { id = "MoveStdlib", name = "MoveStdlib" },
]

[move.toolchain-version]
compiler-version = "1.38.3"
edition = "2024"
flavor = "sui"




[env.testnet]
chain-id = "4c78adac"
original-published-id = "0xda4e0a5d70c009cb1d4c8d73c62564e016c9399073808d1549e2fb0aff081260"
latest-published-id = "0xda4e0a5d70c009cb1d4c8d73c62564e016c9399073808d1549e2fb0aff081260"
published-version = "1"




















[env.localnet]
chain-id = "d04dd723"
original-published-id = "0x0679c26dafc5d5846508a5ad7b6b00e98d5403c1a4b702165f90febd40ddceea"
latest-published-id = "0x0679c26dafc5d5846508a5ad7b6b00e98d5403c1a4b702165f90febd40ddceea"
published-version = "1"
